
Microsoft Visual Studio Solution File, Format Version 12.00
# Visual Studio Version 17
VisualStudioVersion = 17.4.33403.182
MinimumVisualStudioVersion = 10.0.40219.1
Project("{FAE04EC0-301F-11D3-BF4B-00C04F79EFBC}") = "SOD.Model", "SunumOncesiDeneme\SOD.Model.csproj", "{BFF127F8-82BB-44A9-A29B-A52DDE9D8D06}"
EndProject
Project("{FAE04EC0-301F-11D3-BF4B-00C04F79EFBC}") = "SOD.Data", "SOD.DATA\SOD.Data.csproj", "{4A07837E-EA20-4EFA-B081-B9E73B355B02}"
EndProject
Project("{FAE04EC0-301F-11D3-BF4B-00C04F79EFBC}") = "SOD.Core", "SOD.Core\SOD.Core.csproj", "{9A55ECBD-65F9-429B-A58C-03F404231AFC}"
EndProject
Project("{FAE04EC0-301F-11D3-BF4B-00C04F79EFBC}") = "SOD.Business", "SOD.Business\SOD.Business.csproj", "{FE94B748-28D0-480B-B7B0-187FBDDA1A68}"
EndProject
Project("{FAE04EC0-301F-11D3-BF4B-00C04F79EFBC}") = "SOD.Api", "SOD.Api\SOD.Api.csproj", "{943D241F-618D-4822-8FBB-8C003F5DC018}"
EndProject
Global
	GlobalSection(SolutionConfigurationPlatforms) = preSolution
		Debug|Any CPU = Debug|Any CPU
		Release|Any CPU = Release|Any CPU
	EndGlobalSection
	GlobalSection(ProjectConfigurationPlatforms) = postSolution
		{BFF127F8-82BB-44A9-A29B-A52DDE9D8D06}.Debug|Any CPU.ActiveCfg = Debug|Any CPU
		{BFF127F8-82BB-44A9-A29B-A52DDE9D8D06}.Debug|Any CPU.Build.0 = Debug|Any CPU
		{BFF127F8-82BB-44A9-A29B-A52DDE9D8D06}.Release|Any CPU.ActiveCfg = Release|Any CPU
		{BFF127F8-82BB-44A9-A29B-A52DDE9D8D06}.Release|Any CPU.Build.0 = Release|Any CPU
		{4A07837E-EA20-4EFA-B081-B9E73B355B02}.Debug|Any CPU.ActiveCfg = Debug|Any CPU
		{4A07837E-EA20-4EFA-B081-B9E73B355B02}.Debug|Any CPU.Build.0 = Debug|Any CPU
		{4A07837E-EA20-4EFA-B081-B9E73B355B02}.Release|Any CPU.ActiveCfg = Release|Any CPU
		{4A07837E-EA20-4EFA-B081-B9E73B355B02}.Release|Any CPU.Build.0 = Release|Any CPU
		{9A55ECBD-65F9-429B-A58C-03F404231AFC}.Debug|Any CPU.ActiveCfg = Debug|Any CPU
		{9A55ECBD-65F9-429B-A58C-03F404231AFC}.Debug|Any CPU.Build.0 = Debug|Any CPU
		{9A55ECBD-65F9-429B-A58C-03F404231AFC}.Release|Any CPU.ActiveCfg = Release|Any CPU
		{9A55ECBD-65F9-429B-A58C-03F404231AFC}.Release|Any CPU.Build.0 = Release|Any CPU
		{FE94B748-28D0-480B-B7B0-187FBDDA1A68}.Debug|Any CPU.ActiveCfg = Debug|Any CPU
		{FE94B748-28D0-480B-B7B0-187FBDDA1A68}.Debug|Any CPU.Build.0 = Debug|Any CPU
		{FE94B748-28D0-480B-B7B0-187FBDDA1A68}.Release|Any CPU.ActiveCfg = Release|Any CPU
		{FE94B748-28D0-480B-B7B0-187FBDDA1A68}.Release|Any CPU.Build.0 = Release|Any CPU
		{943D241F-618D-4822-8FBB-8C003F5DC018}.Debug|Any CPU.ActiveCfg = Debug|Any CPU
		{943D241F-618D-4822-8FBB-8C003F5DC018}.Debug|Any CPU.Build.0 = Debug|Any CPU
		{943D241F-618D-4822-8FBB-8C003F5DC018}.Release|Any CPU.ActiveCfg = Release|Any CPU
		{943D241F-618D-4822-8FBB-8C003F5DC018}.Release|Any CPU.Build.0 = Release|Any CPU
	EndGlobalSection
	GlobalSection(SolutionProperties) = preSolution
		HideSolutionNode = FALSE
	EndGlobalSection
	GlobalSection(ExtensibilityGlobals) = postSolution
		SolutionGuid = {0F060F6D-F3A5-4102-AC3A-6FA898232A33}
	EndGlobalSection
EndGlobal
